{
  "object": {
    "pins": [
      {
        "package": "BitByteData",
        "repositoryURL": "https://github.com/tsolomko/BitByteData.git",
        "state": {
          "branch": null,
          "revision": "e7516072dfc33cad98db8db28e97d573d9e540aa",
          "version": "1.4.1"
        }
      },
      {
        "package": "CodeQuickKit",
        "repositoryURL": "https://github.com/richardpiazza/CodeQuickKit.git",
        "state": {
          "branch": "develop",
          "revision": "71f3e65aed9b08480ad5b66c763a2703c78d4f40",
          "version": null
        }
      },
      {
        "package": "ProcedureKit",
        "repositoryURL": "https://github.com/ProcedureKit/ProcedureKit",
        "state": {
          "branch": null,
          "revision": "a7fa565e648d90083c7f10c0c6be9bf249dcdbde",
          "version": "5.2.0"
        }
      }
    ]
  },
  "version": 1
}
