{
  "object": {
    "pins": [
      {
        "package": "BitByteData",
        "repositoryURL": "https://github.com/tsolomko/BitByteData",
        "state": {
          "branch": null,
          "revision": "3ee55b113ae52d5c1f4cbec0ed4eae613dcd7eff",
          "version": "1.4.3"
        }
      },
      {
        "package": "ProcedureKit",
        "repositoryURL": "https://github.com/ProcedureKit/ProcedureKit.git",
        "state": {
          "branch": null,
          "revision": "a7fa565e648d90083c7f10c0c6be9bf249dcdbde",
          "version": "5.2.0"
        }
      },
      {
        "package": "SessionPlus",
        "repositoryURL": "https://github.com/richardpiazza/SessionPlus.git",
        "state": {
          "branch": null,
          "revision": "00673239c0984cd54d7cdcd4ea2f987b0f71cf9e",
          "version": "1.0.0-rc.2"
        }
      },
      {
        "package": "SWCompression",
        "repositoryURL": "https://github.com/tsolomko/SWCompression",
        "state": {
          "branch": null,
          "revision": "f62eadc6b2201d239c5c2eeeb8144fcea8c9d40e",
          "version": "4.5.5"
        }
      },
      {
        "package": "swift-argument-parser",
        "repositoryURL": "https://github.com/apple/swift-argument-parser.git",
        "state": {
          "branch": null,
          "revision": "3d79b2b5a2e5af52c14e462044702ea7728f5770",
          "version": "0.1.0"
        }
      }
    ]
  },
  "version": 1
}
